// !$*UTF8*$!
{
	archiveVersion = 1;
	classes = {
	};
	objectVersion = 46;
	objects = {

/* Begin PBXBuildFile section */
		DA9C28BB13D9417800EB187D /* QuartzCore.framework in Frameworks */ = {isa = PBXBuildFile; fileRef = DA9C28BA13D9417800EB187D /* QuartzCore.framework */; };
		DA9C28C013DA7AFE00EB187D /* SettingsViewController.m in Sources */ = {isa = PBXBuildFile; fileRef = DA9C28BE13DA7AFE00EB187D /* SettingsViewController.m */; };
		DA9C28C413DA853500EB187D /* DismissControl.m in Sources */ = {isa = PBXBuildFile; fileRef = DA9C28C213DA853400EB187D /* DismissControl.m */; };
		DA9C28C813DAA10000EB187D /* SublayerTransformView.m in Sources */ = {isa = PBXBuildFile; fileRef = DA9C28C713DAA10000EB187D /* SublayerTransformView.m */; };
		DAB18E5013D7E07C0097C9D0 /* CardLayoutViewController.m in Sources */ = {isa = PBXBuildFile; fileRef = DAB18E4E13D7E07B0097C9D0 /* CardLayoutViewController.m */; };
		DAB18E5113D7E07C0097C9D0 /* CardLayoutViewController.xib in Resources */ = {isa = PBXBuildFile; fileRef = DAB18E4F13D7E07B0097C9D0 /* CardLayoutViewController.xib */; };
		DAB18E5513D7E6170097C9D0 /* DemoCardView.m in Sources */ = {isa = PBXBuildFile; fileRef = DAB18E5413D7E6170097C9D0 /* DemoCardView.m */; };
		DAC10F6513D7C688001B0D3B /* UIKit.framework in Frameworks */ = {isa = PBXBuildFile; fileRef = DAC10F6413D7C688001B0D3B /* UIKit.framework */; };
		DAC10F6713D7C688001B0D3B /* Foundation.framework in Frameworks */ = {isa = PBXBuildFile; fileRef = DAC10F6613D7C688001B0D3B /* Foundation.framework */; };
		DAC10F6913D7C688001B0D3B /* CoreGraphics.framework in Frameworks */ = {isa = PBXBuildFile; fileRef = DAC10F6813D7C688001B0D3B /* CoreGraphics.framework */; };
		DAC10F6F13D7C688001B0D3B /* InfoPlist.strings in Resources */ = {isa = PBXBuildFile; fileRef = DAC10F6D13D7C688001B0D3B /* InfoPlist.strings */; };
		DAC10F7113D7C688001B0D3B /* main.m in Sources */ = {isa = PBXBuildFile; fileRef = DAC10F7013D7C688001B0D3B /* main.m */; };
		DAC10F7513D7C688001B0D3B /* CADemoAppDelegate.m in Sources */ = {isa = PBXBuildFile; fileRef = DAC10F7413D7C688001B0D3B /* CADemoAppDelegate.m */; };
		DAC10F7813D7C688001B0D3B /* MainWindow.xib in Resources */ = {isa = PBXBuildFile; fileRef = DAC10F7613D7C688001B0D3B /* MainWindow.xib */; };
		DAC10F8913D7C781001B0D3B /* CardLayoutView.m in Sources */ = {isa = PBXBuildFile; fileRef = DAC10F8813D7C781001B0D3B /* CardLayoutView.m */; };
		DAD92AD913DB5CDD00F0309F /* GraphicsUtils.m in Sources */ = {isa = PBXBuildFile; fileRef = DAD92AD813DB5CDD00F0309F /* GraphicsUtils.m */; };
/* End PBXBuildFile section */

/* Begin PBXFileReference section */
		DA9C28BA13D9417800EB187D /* QuartzCore.framework */ = {isa = PBXFileReference; lastKnownFileType = wrapper.framework; name = QuartzCore.framework; path = System/Library/Frameworks/QuartzCore.framework; sourceTree = SDKROOT; };
		DA9C28BD13DA7AFE00EB187D /* SettingsViewController.h */ = {isa = PBXFileReference; fileEncoding = 4; lastKnownFileType = sourcecode.c.h; path = SettingsViewController.h; sourceTree = "<group>"; };
		DA9C28BE13DA7AFE00EB187D /* SettingsViewController.m */ = {isa = PBXFileReference; fileEncoding = 4; lastKnownFileType = sourcecode.c.objc; path = SettingsViewController.m; sourceTree = "<group>"; };
		DA9C28C213DA853400EB187D /* DismissControl.m */ = {isa = PBXFileReference; fileEncoding = 4; lastKnownFileType = sourcecode.c.objc; path = DismissControl.m; sourceTree = "<group>"; };
		DA9C28C313DA853400EB187D /* DismissControl.h */ = {isa = PBXFileReference; fileEncoding = 4; lastKnownFileType = sourcecode.c.h; path = DismissControl.h; sourceTree = "<group>"; };
		DA9C28C613DAA10000EB187D /* SublayerTransformView.h */ = {isa = PBXFileReference; fileEncoding = 4; lastKnownFileType = sourcecode.c.h; path = SublayerTransformView.h; sourceTree = "<group>"; };
		DA9C28C713DAA10000EB187D /* SublayerTransformView.m */ = {isa = PBXFileReference; fileEncoding = 4; lastKnownFileType = sourcecode.c.objc; path = SublayerTransformView.m; sourceTree = "<group>"; };
		DAB18E4D13D7E07B0097C9D0 /* CardLayoutViewController.h */ = {isa = PBXFileReference; fileEncoding = 4; lastKnownFileType = sourcecode.c.h; path = CardLayoutViewController.h; sourceTree = "<group>"; };
		DAB18E4E13D7E07B0097C9D0 /* CardLayoutViewController.m */ = {isa = PBXFileReference; fileEncoding = 4; lastKnownFileType = sourcecode.c.objc; path = CardLayoutViewController.m; sourceTree = "<group>"; };
		DAB18E4F13D7E07B0097C9D0 /* CardLayoutViewController.xib */ = {isa = PBXFileReference; fileEncoding = 4; lastKnownFileType = file.xib; path = CardLayoutViewController.xib; sourceTree = "<group>"; };
		DAB18E5313D7E6170097C9D0 /* DemoCardView.h */ = {isa = PBXFileReference; fileEncoding = 4; lastKnownFileType = sourcecode.c.h; path = DemoCardView.h; sourceTree = "<group>"; };
		DAB18E5413D7E6170097C9D0 /* DemoCardView.m */ = {isa = PBXFileReference; fileEncoding = 4; lastKnownFileType = sourcecode.c.objc; path = DemoCardView.m; sourceTree = "<group>"; };
		DAC10F6013D7C688001B0D3B /* CADemo.app */ = {isa = PBXFileReference; explicitFileType = wrapper.application; includeInIndex = 0; path = CADemo.app; sourceTree = BUILT_PRODUCTS_DIR; };
		DAC10F6413D7C688001B0D3B /* UIKit.framework */ = {isa = PBXFileReference; lastKnownFileType = wrapper.framework; name = UIKit.framework; path = System/Library/Frameworks/UIKit.framework; sourceTree = SDKROOT; };
		DAC10F6613D7C688001B0D3B /* Foundation.framework */ = {isa = PBXFileReference; lastKnownFileType = wrapper.framework; name = Foundation.framework; path = System/Library/Frameworks/Foundation.framework; sourceTree = SDKROOT; };
		DAC10F6813D7C688001B0D3B /* CoreGraphics.framework */ = {isa = PBXFileReference; lastKnownFileType = wrapper.framework; name = CoreGraphics.framework; path = System/Library/Frameworks/CoreGraphics.framework; sourceTree = SDKROOT; };
		DAC10F6C13D7C688001B0D3B /* CADemo-Info.plist */ = {isa = PBXFileReference; lastKnownFileType = text.plist.xml; path = "CADemo-Info.plist"; sourceTree = "<group>"; };
		DAC10F6E13D7C688001B0D3B /* en */ = {isa = PBXFileReference; lastKnownFileType = text.plist.strings; name = en; path = en.lproj/InfoPlist.strings; sourceTree = "<group>"; };
		DAC10F7013D7C688001B0D3B /* main.m */ = {isa = PBXFileReference; lastKnownFileType = sourcecode.c.objc; path = main.m; sourceTree = "<group>"; };
		DAC10F7213D7C688001B0D3B /* CADemo-Prefix.pch */ = {isa = PBXFileReference; lastKnownFileType = sourcecode.c.h; path = "CADemo-Prefix.pch"; sourceTree = "<group>"; };
		DAC10F7313D7C688001B0D3B /* CADemoAppDelegate.h */ = {isa = PBXFileReference; lastKnownFileType = sourcecode.c.h; path = CADemoAppDelegate.h; sourceTree = "<group>"; };
		DAC10F7413D7C688001B0D3B /* CADemoAppDelegate.m */ = {isa = PBXFileReference; lastKnownFileType = sourcecode.c.objc; path = CADemoAppDelegate.m; sourceTree = "<group>"; };
		DAC10F7713D7C688001B0D3B /* en */ = {isa = PBXFileReference; lastKnownFileType = file.xib; name = en; path = en.lproj/MainWindow.xib; sourceTree = "<group>"; };
		DAC10F8713D7C781001B0D3B /* CardLayoutView.h */ = {isa = PBXFileReference; fileEncoding = 4; lastKnownFileType = sourcecode.c.h; path = CardLayoutView.h; sourceTree = "<group>"; };
		DAC10F8813D7C781001B0D3B /* CardLayoutView.m */ = {isa = PBXFileReference; fileEncoding = 4; lastKnownFileType = sourcecode.c.objc; path = CardLayoutView.m; sourceTree = "<group>"; };
		DAD92AD713DB5CDD00F0309F /* GraphicsUtils.h */ = {isa = PBXFileReference; fileEncoding = 4; lastKnownFileType = sourcecode.c.h; path = GraphicsUtils.h; sourceTree = "<group>"; };
		DAD92AD813DB5CDD00F0309F /* GraphicsUtils.m */ = {isa = PBXFileReference; fileEncoding = 4; lastKnownFileType = sourcecode.c.objc; path = GraphicsUtils.m; sourceTree = "<group>"; };
/* End PBXFileReference section */

/* Begin PBXFrameworksBuildPhase section */
		DAC10F5D13D7C688001B0D3B /* Frameworks */ = {
			isa = PBXFrameworksBuildPhase;
			buildActionMask = 2147483647;
			files = (
				DAC10F6513D7C688001B0D3B /* UIKit.framework in Frameworks */,
				DAC10F6713D7C688001B0D3B /* Foundation.framework in Frameworks */,
				DAC10F6913D7C688001B0D3B /* CoreGraphics.framework in Frameworks */,
				DA9C28BB13D9417800EB187D /* QuartzCore.framework in Frameworks */,
			);
			runOnlyForDeploymentPostprocessing = 0;
		};
/* End PBXFrameworksBuildPhase section */

/* Begin PBXGroup section */
		DA9C28C513DAA0A200EB187D /* Demo Control */ = {
			isa = PBXGroup;
			children = (
				DA9C28C213DA853400EB187D /* DismissControl.m */,
				DA9C28C313DA853400EB187D /* DismissControl.h */,
				DAC10F8713D7C781001B0D3B /* CardLayoutView.h */,
				DAC10F8813D7C781001B0D3B /* CardLayoutView.m */,
				DAB18E4D13D7E07B0097C9D0 /* CardLayoutViewController.h */,
				DAB18E4E13D7E07B0097C9D0 /* CardLayoutViewController.m */,
				DAB18E4F13D7E07B0097C9D0 /* CardLayoutViewController.xib */,
				DAB18E5313D7E6170097C9D0 /* DemoCardView.h */,
				DAB18E5413D7E6170097C9D0 /* DemoCardView.m */,
				DA9C28BD13DA7AFE00EB187D /* SettingsViewController.h */,
				DA9C28BE13DA7AFE00EB187D /* SettingsViewController.m */,
			);
			name = "Demo Control";
			sourceTree = "<group>";
		};
		DAC10F5513D7C688001B0D3B = {
			isa = PBXGroup;
			children = (
				DAC10F6A13D7C688001B0D3B /* CADemo */,
				DAC10F6313D7C688001B0D3B /* Frameworks */,
				DAC10F6113D7C688001B0D3B /* Products */,
			);
			sourceTree = "<group>";
		};
		DAC10F6113D7C688001B0D3B /* Products */ = {
			isa = PBXGroup;
			children = (
				DAC10F6013D7C688001B0D3B /* CADemo.app */,
			);
			name = Products;
			sourceTree = "<group>";
		};
		DAC10F6313D7C688001B0D3B /* Frameworks */ = {
			isa = PBXGroup;
			children = (
				DA9C28BA13D9417800EB187D /* QuartzCore.framework */,
				DAC10F6413D7C688001B0D3B /* UIKit.framework */,
				DAC10F6613D7C688001B0D3B /* Foundation.framework */,
				DAC10F6813D7C688001B0D3B /* CoreGraphics.framework */,
			);
			name = Frameworks;
			sourceTree = "<group>";
		};
		DAC10F6A13D7C688001B0D3B /* CADemo */ = {
			isa = PBXGroup;
			children = (
				DAD92AD513DB5A1000F0309F /* Utils */,
				DA9C28C513DAA0A200EB187D /* Demo Control */,
				DAC10F8613D7C721001B0D3B /* Demo Views */,
				DAC10F7313D7C688001B0D3B /* CADemoAppDelegate.h */,
				DAC10F7413D7C688001B0D3B /* CADemoAppDelegate.m */,
				DAC10F7613D7C688001B0D3B /* MainWindow.xib */,
				DAC10F6B13D7C688001B0D3B /* Supporting Files */,
			);
			path = CADemo;
			sourceTree = "<group>";
		};
		DAC10F6B13D7C688001B0D3B /* Supporting Files */ = {
			isa = PBXGroup;
			children = (
				DAC10F6C13D7C688001B0D3B /* CADemo-Info.plist */,
				DAC10F6D13D7C688001B0D3B /* InfoPlist.strings */,
				DAC10F7013D7C688001B0D3B /* main.m */,
				DAC10F7213D7C688001B0D3B /* CADemo-Prefix.pch */,
			);
			name = "Supporting Files";
			sourceTree = "<group>";
		};
		DAC10F8613D7C721001B0D3B /* Demo Views */ = {
			isa = PBXGroup;
			children = (
				DA9C28C613DAA10000EB187D /* SublayerTransformView.h */,
				DA9C28C713DAA10000EB187D /* SublayerTransformView.m */,
			);
			name = "Demo Views";
			sourceTree = "<group>";
		};
		DAD92AD513DB5A1000F0309F /* Utils */ = {
			isa = PBXGroup;
			children = (
				DAD92AD713DB5CDD00F0309F /* GraphicsUtils.h */,
				DAD92AD813DB5CDD00F0309F /* GraphicsUtils.m */,
			);
			name = Utils;
			sourceTree = "<group>";
		};
/* End PBXGroup section */

/* Begin PBXNativeTarget section */
		DAC10F5F13D7C688001B0D3B /* CADemo */ = {
			isa = PBXNativeTarget;
			buildConfigurationList = DAC10F8113D7C688001B0D3B /* Build configuration list for PBXNativeTarget "CADemo" */;
			buildPhases = (
				DAC10F5C13D7C688001B0D3B /* Sources */,
				DAC10F5D13D7C688001B0D3B /* Frameworks */,
				DAC10F5E13D7C688001B0D3B /* Resources */,
			);
			buildRules = (
			);
			dependencies = (
			);
			name = CADemo;
			productName = CADemo;
			productReference = DAC10F6013D7C688001B0D3B /* CADemo.app */;
			productType = "com.apple.product-type.application";
		};
/* End PBXNativeTarget section */

/* Begin PBXProject section */
		DAC10F5713D7C688001B0D3B /* Project object */ = {
			isa = PBXProject;
			attributes = {
				ORGANIZATIONNAME = "Google, Inc";
			};
			buildConfigurationList = DAC10F5A13D7C688001B0D3B /* Build configuration list for PBXProject "CADemo" */;
			compatibilityVersion = "Xcode 3.2";
			developmentRegion = English;
			hasScannedForEncodings = 0;
			knownRegions = (
				en,
			);
			mainGroup = DAC10F5513D7C688001B0D3B;
			productRefGroup = DAC10F6113D7C688001B0D3B /* Products */;
			projectDirPath = "";
			projectRoot = "";
			targets = (
				DAC10F5F13D7C688001B0D3B /* CADemo */,
			);
		};
/* End PBXProject section */

/* Begin PBXResourcesBuildPhase section */
		DAC10F5E13D7C688001B0D3B /* Resources */ = {
			isa = PBXResourcesBuildPhase;
			buildActionMask = 2147483647;
			files = (
				DAC10F6F13D7C688001B0D3B /* InfoPlist.strings in Resources */,
				DAC10F7813D7C688001B0D3B /* MainWindow.xib in Resources */,
				DAB18E5113D7E07C0097C9D0 /* CardLayoutViewController.xib in Resources */,
			);
			runOnlyForDeploymentPostprocessing = 0;
		};
/* End PBXResourcesBuildPhase section */

/* Begin PBXSourcesBuildPhase section */
		DAC10F5C13D7C688001B0D3B /* Sources */ = {
			isa = PBXSourcesBuildPhase;
			buildActionMask = 2147483647;
			files = (
				DAC10F7113D7C688001B0D3B /* main.m in Sources */,
				DAC10F7513D7C688001B0D3B /* CADemoAppDelegate.m in Sources */,
				DAC10F8913D7C781001B0D3B /* CardLayoutView.m in Sources */,
				DAB18E5013D7E07C0097C9D0 /* CardLayoutViewController.m in Sources */,
				DAB18E5513D7E6170097C9D0 /* DemoCardView.m in Sources */,
				DA9C28C013DA7AFE00EB187D /* SettingsViewController.m in Sources */,
				DA9C28C413DA853500EB187D /* DismissControl.m in Sources */,
				DA9C28C813DAA10000EB187D /* SublayerTransformView.m in Sources */,
				DAD92AD913DB5CDD00F0309F /* GraphicsUtils.m in Sources */,
			);
			runOnlyForDeploymentPostprocessing = 0;
		};
/* End PBXSourcesBuildPhase section */

/* Begin PBXVariantGroup section */
		DAC10F6D13D7C688001B0D3B /* InfoPlist.strings */ = {
			isa = PBXVariantGroup;
			children = (
				DAC10F6E13D7C688001B0D3B /* en */,
			);
			name = InfoPlist.strings;
			sourceTree = "<group>";
		};
		DAC10F7613D7C688001B0D3B /* MainWindow.xib */ = {
			isa = PBXVariantGroup;
			children = (
				DAC10F7713D7C688001B0D3B /* en */,
			);
			name = MainWindow.xib;
			sourceTree = "<group>";
		};
/* End PBXVariantGroup section */

/* Begin XCBuildConfiguration section */
		DAC10F7F13D7C688001B0D3B /* Debug */ = {
			isa = XCBuildConfiguration;
			buildSettings = {
				ALWAYS_SEARCH_USER_PATHS = NO;
				ARCHS = "$(ARCHS_STANDARD_32_BIT)";
				"CODE_SIGN_IDENTITY[sdk=iphoneos*]" = "iPhone Developer";
				COPY_PHASE_STRIP = NO;
				GCC_C_LANGUAGE_STANDARD = gnu99;
				GCC_DYNAMIC_NO_PIC = NO;
				GCC_OPTIMIZATION_LEVEL = 0;
				GCC_PREPROCESSOR_DEFINITIONS = (
					"DEBUG=1",
					"$(inherited)",
				);
				GCC_SYMBOLS_PRIVATE_EXTERN = NO;
				GCC_VERSION = com.apple.compilers.llvm.clang.1_0;
				GCC_WARN_ABOUT_MISSING_PROTOTYPES = YES;
				GCC_WARN_ABOUT_RETURN_TYPE = YES;
				GCC_WARN_UNUSED_VARIABLE = YES;
				IPHONEOS_DEPLOYMENT_TARGET = 4.3;
				SDKROOT = iphoneos;
			};
			name = Debug;
		};
		DAC10F8013D7C688001B0D3B /* Release */ = {
			isa = XCBuildConfiguration;
			buildSettings = {
				ALWAYS_SEARCH_USER_PATHS = NO;
				ARCHS = "$(ARCHS_STANDARD_32_BIT)";
				"CODE_SIGN_IDENTITY[sdk=iphoneos*]" = "iPhone Developer";
				COPY_PHASE_STRIP = YES;
				GCC_C_LANGUAGE_STANDARD = gnu99;
				GCC_VERSION = com.apple.compilers.llvm.clang.1_0;
				GCC_WARN_ABOUT_MISSING_PROTOTYPES = YES;
				GCC_WARN_ABOUT_RETURN_TYPE = YES;
				GCC_WARN_UNUSED_VARIABLE = YES;
				IPHONEOS_DEPLOYMENT_TARGET = 4.3;
				OTHER_CFLAGS = "-DNS_BLOCK_ASSERTIONS=1";
				SDKROOT = iphoneos;
				VALIDATE_PRODUCT = YES;
			};
			name = Release;
		};
		DAC10F8213D7C688001B0D3B /* Debug */ = {
			isa = XCBuildConfiguration;
			buildSettings = {
				GCC_PRECOMPILE_PREFIX_HEADER = YES;
				GCC_PREFIX_HEADER = "CADemo/CADemo-Prefix.pch";
				INFOPLIST_FILE = "CADemo/CADemo-Info.plist";
				IPHONEOS_DEPLOYMENT_TARGET = 4.3;
				PRODUCT_NAME = "$(TARGET_NAME)";
				TARGETED_DEVICE_FAMILY = 2;
				WRAPPER_EXTENSION = app;
			};
			name = Debug;
		};
		DAC10F8313D7C688001B0D3B /* Release */ = {
			isa = XCBuildConfiguration;
			buildSettings = {
				GCC_PRECOMPILE_PREFIX_HEADER = YES;
				GCC_PREFIX_HEADER = "CADemo/CADemo-Prefix.pch";
				INFOPLIST_FILE = "CADemo/CADemo-Info.plist";
				IPHONEOS_DEPLOYMENT_TARGET = 4.3;
				PRODUCT_NAME = "$(TARGET_NAME)";
				TARGETED_DEVICE_FAMILY = 2;
				WRAPPER_EXTENSION = app;
			};
			name = Release;
		};
/* End XCBuildConfiguration section */

/* Begin XCConfigurationList section */
		DAC10F5A13D7C688001B0D3B /* Build configuration list for PBXProject "CADemo" */ = {
			isa = XCConfigurationList;
			buildConfigurations = (
				DAC10F7F13D7C688001B0D3B /* Debug */,
				DAC10F8013D7C688001B0D3B /* Release */,
			);
			defaultConfigurationIsVisible = 0;
			defaultConfigurationName = Release;
		};
		DAC10F8113D7C688001B0D3B /* Build configuration list for PBXNativeTarget "CADemo" */ = {
			isa = XCConfigurationList;
			buildConfigurations = (
				DAC10F8213D7C688001B0D3B /* Debug */,
				DAC10F8313D7C688001B0D3B /* Release */,
			);
			defaultConfigurationIsVisible = 0;
			defaultConfigurationName = Release;
		};
/* End XCConfigurationList section */
	};
	rootObject = DAC10F5713D7C688001B0D3B /* Project object */;
}
