// !$*UTF8*$!
{
	archiveVersion = 1;
	classes = {
	};
	objectVersion = 46;
	objects = {

/* Begin PBXBuildFile section */
		DA1C673713DCE61E0097B9F2 /* TransitionViewController.m in Sources */ = {isa = PBXBuildFile; fileRef = DA1C673513DCE61E0097B9F2 /* TransitionViewController.m */; };
		DA1C673813DCE61E0097B9F2 /* TransitionViewController.xib in Resources */ = {isa = PBXBuildFile; fileRef = DA1C673613DCE61E0097B9F2 /* TransitionViewController.xib */; };
		DA1C674013DCFF880097B9F2 /* TransitionTypeViewController.m in Sources */ = {isa = PBXBuildFile; fileRef = DA1C673F13DCFF880097B9F2 /* TransitionTypeViewController.m */; };
		DA1C674313DCFFC00097B9F2 /* TransitionDirectionViewController.m in Sources */ = {isa = PBXBuildFile; fileRef = DA1C674213DCFFC00097B9F2 /* TransitionDirectionViewController.m */; };
		DA1C675C13DD12D70097B9F2 /* glacier.jpg in Resources */ = {isa = PBXBuildFile; fileRef = DA1C675513DD12D70097B9F2 /* glacier.jpg */; };
		DA1C675D13DD12D70097B9F2 /* moab.jpg in Resources */ = {isa = PBXBuildFile; fileRef = DA1C675613DD12D70097B9F2 /* moab.jpg */; };
		DA1C675E13DD12D70097B9F2 /* paris.JPG in Resources */ = {isa = PBXBuildFile; fileRef = DA1C675713DD12D70097B9F2 /* paris.JPG */; };
		DA1C675F13DD12D70097B9F2 /* rainbow.jpg in Resources */ = {isa = PBXBuildFile; fileRef = DA1C675813DD12D70097B9F2 /* rainbow.jpg */; };
		DA1C676013DD12D70097B9F2 /* redrock.jpg in Resources */ = {isa = PBXBuildFile; fileRef = DA1C675913DD12D70097B9F2 /* redrock.jpg */; };
		DA1C676113DD12D70097B9F2 /* rickroll.mp4 in Resources */ = {isa = PBXBuildFile; fileRef = DA1C675A13DD12D70097B9F2 /* rickroll.mp4 */; };
		DA1C676213DD12D70097B9F2 /* sydney.jpg in Resources */ = {isa = PBXBuildFile; fileRef = DA1C675B13DD12D70097B9F2 /* sydney.jpg */; };
		DA1C676413DD25500097B9F2 /* Wheel.png in Resources */ = {isa = PBXBuildFile; fileRef = DA1C676313DD25500097B9F2 /* Wheel.png */; };
		DA24225913DE67950029471A /* MoviePlayerViewController.m in Sources */ = {isa = PBXBuildFile; fileRef = DA24225813DE67950029471A /* MoviePlayerViewController.m */; };
		DA24225B13DE6B230029471A /* MoviePlayerViewController.xib in Resources */ = {isa = PBXBuildFile; fileRef = DA24225A13DE6B230029471A /* MoviePlayerViewController.xib */; };
		DA24225D13DE6EA30029471A /* AVFoundation.framework in Frameworks */ = {isa = PBXBuildFile; fileRef = DA24225C13DE6EA30029471A /* AVFoundation.framework */; };
		DA24226313DE7A6B0029471A /* MagnifierViewController.m in Sources */ = {isa = PBXBuildFile; fileRef = DA24225F13DE7A6B0029471A /* MagnifierViewController.m */; };
		DA24226413DE7A6B0029471A /* MagnifierView.m in Sources */ = {isa = PBXBuildFile; fileRef = DA24226113DE7A6B0029471A /* MagnifierView.m */; };
		DA344EA113DE424000E1929F /* Browser.png in Resources */ = {isa = PBXBuildFile; fileRef = DA344E9513DE424000E1929F /* Browser.png */; };
		DA344EA213DE424000E1929F /* Calculator.png in Resources */ = {isa = PBXBuildFile; fileRef = DA344E9613DE424000E1929F /* Calculator.png */; };
		DA344EA313DE424000E1929F /* Calendar.png in Resources */ = {isa = PBXBuildFile; fileRef = DA344E9713DE424000E1929F /* Calendar.png */; };
		DA344EA413DE424000E1929F /* Chat.png in Resources */ = {isa = PBXBuildFile; fileRef = DA344E9813DE424000E1929F /* Chat.png */; };
		DA344EA513DE424000E1929F /* Clock.png in Resources */ = {isa = PBXBuildFile; fileRef = DA344E9913DE424000E1929F /* Clock.png */; };
		DA344EA613DE424000E1929F /* Graph.png in Resources */ = {isa = PBXBuildFile; fileRef = DA344E9A13DE424000E1929F /* Graph.png */; };
		DA344EA713DE424000E1929F /* iPod.png in Resources */ = {isa = PBXBuildFile; fileRef = DA344E9B13DE424000E1929F /* iPod.png */; };
		DA344EA813DE424000E1929F /* Maps.png in Resources */ = {isa = PBXBuildFile; fileRef = DA344E9C13DE424000E1929F /* Maps.png */; };
		DA344EA913DE424000E1929F /* Notes.png in Resources */ = {isa = PBXBuildFile; fileRef = DA344E9D13DE424000E1929F /* Notes.png */; };
		DA344EAA13DE424000E1929F /* Phone.png in Resources */ = {isa = PBXBuildFile; fileRef = DA344E9E13DE424000E1929F /* Phone.png */; };
		DA344EAB13DE424000E1929F /* Settings.png in Resources */ = {isa = PBXBuildFile; fileRef = DA344E9F13DE424000E1929F /* Settings.png */; };
		DA344EAC13DE424000E1929F /* Weather.png in Resources */ = {isa = PBXBuildFile; fileRef = DA344EA013DE424000E1929F /* Weather.png */; };
		DA344EB213DE42A700E1929F /* BasicAnimationsViewController.m in Sources */ = {isa = PBXBuildFile; fileRef = DA344EB013DE42A700E1929F /* BasicAnimationsViewController.m */; };
		DA344EB313DE42A700E1929F /* BasicAnimationsViewController.xib in Resources */ = {isa = PBXBuildFile; fileRef = DA344EB113DE42A700E1929F /* BasicAnimationsViewController.xib */; };
		DA344EBD13DE576500E1929F /* GroupAnimationViewController.m in Sources */ = {isa = PBXBuildFile; fileRef = DA344EBB13DE576500E1929F /* GroupAnimationViewController.m */; };
		DA344EBE13DE576500E1929F /* GroupAnimationViewController.xib in Resources */ = {isa = PBXBuildFile; fileRef = DA344EBC13DE576500E1929F /* GroupAnimationViewController.xib */; };
		DA89A44D13DBE15D00D4C5DC /* ImplicitAnimationsViewController.m in Sources */ = {isa = PBXBuildFile; fileRef = DA89A44C13DBE15D00D4C5DC /* ImplicitAnimationsViewController.m */; };
		DA89A45213DBE2DE00D4C5DC /* ImplicitAnimationsViewController.xib in Resources */ = {isa = PBXBuildFile; fileRef = DA89A45113DBE2DE00D4C5DC /* ImplicitAnimationsViewController.xib */; };
		DA93E99C13DB8DC100491AA3 /* KeyPathAnimationViewController.m in Sources */ = {isa = PBXBuildFile; fileRef = DA93E99A13DB8DC100491AA3 /* KeyPathAnimationViewController.m */; };
		DA93E99D13DB8DC100491AA3 /* KeyPathAnimationViewController.xib in Resources */ = {isa = PBXBuildFile; fileRef = DA93E99B13DB8DC100491AA3 /* KeyPathAnimationViewController.xib */; };
		DA93E9A013DB8FA900491AA3 /* KeyPathAnimationView.m in Sources */ = {isa = PBXBuildFile; fileRef = DA93E99F13DB8FA900491AA3 /* KeyPathAnimationView.m */; };
		DA9C28BB13D9417800EB187D /* QuartzCore.framework in Frameworks */ = {isa = PBXBuildFile; fileRef = DA9C28BA13D9417800EB187D /* QuartzCore.framework */; };
		DA9C28C413DA853500EB187D /* DismissControl.m in Sources */ = {isa = PBXBuildFile; fileRef = DA9C28C213DA853400EB187D /* DismissControl.m */; };
		DA9C28C813DAA10000EB187D /* SublayerTransformView.m in Sources */ = {isa = PBXBuildFile; fileRef = DA9C28C713DAA10000EB187D /* SublayerTransformView.m */; };
		DAB18E5013D7E07C0097C9D0 /* CardLayoutViewController.m in Sources */ = {isa = PBXBuildFile; fileRef = DAB18E4E13D7E07B0097C9D0 /* CardLayoutViewController.m */; };
		DAB18E5113D7E07C0097C9D0 /* CardLayoutViewController.xib in Resources */ = {isa = PBXBuildFile; fileRef = DAB18E4F13D7E07B0097C9D0 /* CardLayoutViewController.xib */; };
		DAB18E5513D7E6170097C9D0 /* DemoCardView.m in Sources */ = {isa = PBXBuildFile; fileRef = DAB18E5413D7E6170097C9D0 /* DemoCardView.m */; };
		DAC10F6513D7C688001B0D3B /* UIKit.framework in Frameworks */ = {isa = PBXBuildFile; fileRef = DAC10F6413D7C688001B0D3B /* UIKit.framework */; };
		DAC10F6713D7C688001B0D3B /* Foundation.framework in Frameworks */ = {isa = PBXBuildFile; fileRef = DAC10F6613D7C688001B0D3B /* Foundation.framework */; };
		DAC10F6913D7C688001B0D3B /* CoreGraphics.framework in Frameworks */ = {isa = PBXBuildFile; fileRef = DAC10F6813D7C688001B0D3B /* CoreGraphics.framework */; };
		DAC10F6F13D7C688001B0D3B /* InfoPlist.strings in Resources */ = {isa = PBXBuildFile; fileRef = DAC10F6D13D7C688001B0D3B /* InfoPlist.strings */; };
		DAC10F7113D7C688001B0D3B /* main.m in Sources */ = {isa = PBXBuildFile; fileRef = DAC10F7013D7C688001B0D3B /* main.m */; };
		DAC10F7513D7C688001B0D3B /* CADemoAppDelegate.m in Sources */ = {isa = PBXBuildFile; fileRef = DAC10F7413D7C688001B0D3B /* CADemoAppDelegate.m */; };
		DAC10F7813D7C688001B0D3B /* MainWindow.xib in Resources */ = {isa = PBXBuildFile; fileRef = DAC10F7613D7C688001B0D3B /* MainWindow.xib */; };
		DAC10F8913D7C781001B0D3B /* CardLayoutView.m in Sources */ = {isa = PBXBuildFile; fileRef = DAC10F8813D7C781001B0D3B /* CardLayoutView.m */; };
		DAD92AD913DB5CDD00F0309F /* GraphicsUtils.m in Sources */ = {isa = PBXBuildFile; fileRef = DAD92AD813DB5CDD00F0309F /* GraphicsUtils.m */; };
/* End PBXBuildFile section */

/* Begin PBXFileReference section */
		DA1C673413DCE61E0097B9F2 /* TransitionViewController.h */ = {isa = PBXFileReference; fileEncoding = 4; lastKnownFileType = sourcecode.c.h; path = TransitionViewController.h; sourceTree = "<group>"; };
		DA1C673513DCE61E0097B9F2 /* TransitionViewController.m */ = {isa = PBXFileReference; fileEncoding = 4; lastKnownFileType = sourcecode.c.objc; path = TransitionViewController.m; sourceTree = "<group>"; };
		DA1C673613DCE61E0097B9F2 /* TransitionViewController.xib */ = {isa = PBXFileReference; fileEncoding = 4; lastKnownFileType = file.xib; path = TransitionViewController.xib; sourceTree = "<group>"; };
		DA1C673E13DCFF880097B9F2 /* TransitionTypeViewController.h */ = {isa = PBXFileReference; fileEncoding = 4; lastKnownFileType = sourcecode.c.h; path = TransitionTypeViewController.h; sourceTree = "<group>"; };
		DA1C673F13DCFF880097B9F2 /* TransitionTypeViewController.m */ = {isa = PBXFileReference; fileEncoding = 4; lastKnownFileType = sourcecode.c.objc; path = TransitionTypeViewController.m; sourceTree = "<group>"; };
		DA1C674113DCFFC00097B9F2 /* TransitionDirectionViewController.h */ = {isa = PBXFileReference; fileEncoding = 4; lastKnownFileType = sourcecode.c.h; path = TransitionDirectionViewController.h; sourceTree = "<group>"; };
		DA1C674213DCFFC00097B9F2 /* TransitionDirectionViewController.m */ = {isa = PBXFileReference; fileEncoding = 4; lastKnownFileType = sourcecode.c.objc; path = TransitionDirectionViewController.m; sourceTree = "<group>"; };
		DA1C675513DD12D70097B9F2 /* glacier.jpg */ = {isa = PBXFileReference; lastKnownFileType = image.jpeg; path = glacier.jpg; sourceTree = "<group>"; };
		DA1C675613DD12D70097B9F2 /* moab.jpg */ = {isa = PBXFileReference; lastKnownFileType = image.jpeg; path = moab.jpg; sourceTree = "<group>"; };
		DA1C675713DD12D70097B9F2 /* paris.JPG */ = {isa = PBXFileReference; lastKnownFileType = image.jpeg; path = paris.JPG; sourceTree = "<group>"; };
		DA1C675813DD12D70097B9F2 /* rainbow.jpg */ = {isa = PBXFileReference; lastKnownFileType = image.jpeg; path = rainbow.jpg; sourceTree = "<group>"; };
		DA1C675913DD12D70097B9F2 /* redrock.jpg */ = {isa = PBXFileReference; lastKnownFileType = image.jpeg; path = redrock.jpg; sourceTree = "<group>"; };
		DA1C675A13DD12D70097B9F2 /* rickroll.mp4 */ = {isa = PBXFileReference; lastKnownFileType = file; path = rickroll.mp4; sourceTree = "<group>"; };
		DA1C675B13DD12D70097B9F2 /* sydney.jpg */ = {isa = PBXFileReference; lastKnownFileType = image.jpeg; path = sydney.jpg; sourceTree = "<group>"; };
		DA1C676313DD25500097B9F2 /* Wheel.png */ = {isa = PBXFileReference; lastKnownFileType = image.png; path = Wheel.png; sourceTree = "<group>"; };
		DA24225713DE67950029471A /* MoviePlayerViewController.h */ = {isa = PBXFileReference; fileEncoding = 4; lastKnownFileType = sourcecode.c.h; path = MoviePlayerViewController.h; sourceTree = "<group>"; };
		DA24225813DE67950029471A /* MoviePlayerViewController.m */ = {isa = PBXFileReference; fileEncoding = 4; lastKnownFileType = sourcecode.c.objc; path = MoviePlayerViewController.m; sourceTree = "<group>"; };
		DA24225A13DE6B230029471A /* MoviePlayerViewController.xib */ = {isa = PBXFileReference; fileEncoding = 4; lastKnownFileType = file.xib; path = MoviePlayerViewController.xib; sourceTree = "<group>"; };
		DA24225C13DE6EA30029471A /* AVFoundation.framework */ = {isa = PBXFileReference; lastKnownFileType = wrapper.framework; name = AVFoundation.framework; path = System/Library/Frameworks/AVFoundation.framework; sourceTree = SDKROOT; };
		DA24225F13DE7A6B0029471A /* MagnifierViewController.m */ = {isa = PBXFileReference; fileEncoding = 4; lastKnownFileType = sourcecode.c.objc; path = MagnifierViewController.m; sourceTree = "<group>"; };
		DA24226013DE7A6B0029471A /* MagnifierViewController.h */ = {isa = PBXFileReference; fileEncoding = 4; lastKnownFileType = sourcecode.c.h; path = MagnifierViewController.h; sourceTree = "<group>"; };
		DA24226113DE7A6B0029471A /* MagnifierView.m */ = {isa = PBXFileReference; fileEncoding = 4; lastKnownFileType = sourcecode.c.objc; path = MagnifierView.m; sourceTree = "<group>"; };
		DA24226213DE7A6B0029471A /* MagnifierView.h */ = {isa = PBXFileReference; fileEncoding = 4; lastKnownFileType = sourcecode.c.h; path = MagnifierView.h; sourceTree = "<group>"; };
		DA344E9513DE424000E1929F /* Browser.png */ = {isa = PBXFileReference; lastKnownFileType = image.png; path = Browser.png; sourceTree = "<group>"; };
		DA344E9613DE424000E1929F /* Calculator.png */ = {isa = PBXFileReference; lastKnownFileType = image.png; path = Calculator.png; sourceTree = "<group>"; };
		DA344E9713DE424000E1929F /* Calendar.png */ = {isa = PBXFileReference; lastKnownFileType = image.png; path = Calendar.png; sourceTree = "<group>"; };
		DA344E9813DE424000E1929F /* Chat.png */ = {isa = PBXFileReference; lastKnownFileType = image.png; path = Chat.png; sourceTree = "<group>"; };
		DA344E9913DE424000E1929F /* Clock.png */ = {isa = PBXFileReference; lastKnownFileType = image.png; path = Clock.png; sourceTree = "<group>"; };
		DA344E9A13DE424000E1929F /* Graph.png */ = {isa = PBXFileReference; lastKnownFileType = image.png; path = Graph.png; sourceTree = "<group>"; };
		DA344E9B13DE424000E1929F /* iPod.png */ = {isa = PBXFileReference; lastKnownFileType = image.png; path = iPod.png; sourceTree = "<group>"; };
		DA344E9C13DE424000E1929F /* Maps.png */ = {isa = PBXFileReference; lastKnownFileType = image.png; path = Maps.png; sourceTree = "<group>"; };
		DA344E9D13DE424000E1929F /* Notes.png */ = {isa = PBXFileReference; lastKnownFileType = image.png; path = Notes.png; sourceTree = "<group>"; };
		DA344E9E13DE424000E1929F /* Phone.png */ = {isa = PBXFileReference; lastKnownFileType = image.png; path = Phone.png; sourceTree = "<group>"; };
		DA344E9F13DE424000E1929F /* Settings.png */ = {isa = PBXFileReference; lastKnownFileType = image.png; path = Settings.png; sourceTree = "<group>"; };
		DA344EA013DE424000E1929F /* Weather.png */ = {isa = PBXFileReference; lastKnownFileType = image.png; path = Weather.png; sourceTree = "<group>"; };
		DA344EAF13DE42A700E1929F /* BasicAnimationsViewController.h */ = {isa = PBXFileReference; fileEncoding = 4; lastKnownFileType = sourcecode.c.h; path = BasicAnimationsViewController.h; sourceTree = "<group>"; };
		DA344EB013DE42A700E1929F /* BasicAnimationsViewController.m */ = {isa = PBXFileReference; fileEncoding = 4; lastKnownFileType = sourcecode.c.objc; path = BasicAnimationsViewController.m; sourceTree = "<group>"; };
		DA344EB113DE42A700E1929F /* BasicAnimationsViewController.xib */ = {isa = PBXFileReference; fileEncoding = 4; lastKnownFileType = file.xib; path = BasicAnimationsViewController.xib; sourceTree = "<group>"; };
		DA344EBA13DE576500E1929F /* GroupAnimationViewController.h */ = {isa = PBXFileReference; fileEncoding = 4; lastKnownFileType = sourcecode.c.h; path = GroupAnimationViewController.h; sourceTree = "<group>"; };
		DA344EBB13DE576500E1929F /* GroupAnimationViewController.m */ = {isa = PBXFileReference; fileEncoding = 4; lastKnownFileType = sourcecode.c.objc; path = GroupAnimationViewController.m; sourceTree = "<group>"; };
		DA344EBC13DE576500E1929F /* GroupAnimationViewController.xib */ = {isa = PBXFileReference; fileEncoding = 4; lastKnownFileType = file.xib; path = GroupAnimationViewController.xib; sourceTree = "<group>"; };
		DA89A44B13DBE15D00D4C5DC /* ImplicitAnimationsViewController.h */ = {isa = PBXFileReference; fileEncoding = 4; lastKnownFileType = sourcecode.c.h; path = ImplicitAnimationsViewController.h; sourceTree = "<group>"; };
		DA89A44C13DBE15D00D4C5DC /* ImplicitAnimationsViewController.m */ = {isa = PBXFileReference; fileEncoding = 4; lastKnownFileType = sourcecode.c.objc; path = ImplicitAnimationsViewController.m; sourceTree = "<group>"; };
		DA89A45113DBE2DE00D4C5DC /* ImplicitAnimationsViewController.xib */ = {isa = PBXFileReference; fileEncoding = 4; lastKnownFileType = file.xib; path = ImplicitAnimationsViewController.xib; sourceTree = "<group>"; };
		DA93E99913DB8DC100491AA3 /* KeyPathAnimationViewController.h */ = {isa = PBXFileReference; fileEncoding = 4; lastKnownFileType = sourcecode.c.h; path = KeyPathAnimationViewController.h; sourceTree = "<group>"; };
		DA93E99A13DB8DC100491AA3 /* KeyPathAnimationViewController.m */ = {isa = PBXFileReference; fileEncoding = 4; lastKnownFileType = sourcecode.c.objc; path = KeyPathAnimationViewController.m; sourceTree = "<group>"; };
		DA93E99B13DB8DC100491AA3 /* KeyPathAnimationViewController.xib */ = {isa = PBXFileReference; fileEncoding = 4; lastKnownFileType = file.xib; path = KeyPathAnimationViewController.xib; sourceTree = "<group>"; };
		DA93E99E13DB8FA900491AA3 /* KeyPathAnimationView.h */ = {isa = PBXFileReference; fileEncoding = 4; lastKnownFileType = sourcecode.c.h; path = KeyPathAnimationView.h; sourceTree = "<group>"; };
		DA93E99F13DB8FA900491AA3 /* KeyPathAnimationView.m */ = {isa = PBXFileReference; fileEncoding = 4; lastKnownFileType = sourcecode.c.objc; path = KeyPathAnimationView.m; sourceTree = "<group>"; };
		DA9C28BA13D9417800EB187D /* QuartzCore.framework */ = {isa = PBXFileReference; lastKnownFileType = wrapper.framework; name = QuartzCore.framework; path = System/Library/Frameworks/QuartzCore.framework; sourceTree = SDKROOT; };
		DA9C28C213DA853400EB187D /* DismissControl.m */ = {isa = PBXFileReference; fileEncoding = 4; lastKnownFileType = sourcecode.c.objc; path = DismissControl.m; sourceTree = "<group>"; };
		DA9C28C313DA853400EB187D /* DismissControl.h */ = {isa = PBXFileReference; fileEncoding = 4; lastKnownFileType = sourcecode.c.h; path = DismissControl.h; sourceTree = "<group>"; };
		DA9C28C613DAA10000EB187D /* SublayerTransformView.h */ = {isa = PBXFileReference; fileEncoding = 4; lastKnownFileType = sourcecode.c.h; path = SublayerTransformView.h; sourceTree = "<group>"; };
		DA9C28C713DAA10000EB187D /* SublayerTransformView.m */ = {isa = PBXFileReference; fileEncoding = 4; lastKnownFileType = sourcecode.c.objc; path = SublayerTransformView.m; sourceTree = "<group>"; };
		DAB18E4D13D7E07B0097C9D0 /* CardLayoutViewController.h */ = {isa = PBXFileReference; fileEncoding = 4; lastKnownFileType = sourcecode.c.h; path = CardLayoutViewController.h; sourceTree = "<group>"; };
		DAB18E4E13D7E07B0097C9D0 /* CardLayoutViewController.m */ = {isa = PBXFileReference; fileEncoding = 4; lastKnownFileType = sourcecode.c.objc; path = CardLayoutViewController.m; sourceTree = "<group>"; };
		DAB18E4F13D7E07B0097C9D0 /* CardLayoutViewController.xib */ = {isa = PBXFileReference; fileEncoding = 4; lastKnownFileType = file.xib; path = CardLayoutViewController.xib; sourceTree = "<group>"; };
		DAB18E5313D7E6170097C9D0 /* DemoCardView.h */ = {isa = PBXFileReference; fileEncoding = 4; lastKnownFileType = sourcecode.c.h; path = DemoCardView.h; sourceTree = "<group>"; };
		DAB18E5413D7E6170097C9D0 /* DemoCardView.m */ = {isa = PBXFileReference; fileEncoding = 4; lastKnownFileType = sourcecode.c.objc; path = DemoCardView.m; sourceTree = "<group>"; };
		DAC10F6013D7C688001B0D3B /* CADemo.app */ = {isa = PBXFileReference; explicitFileType = wrapper.application; includeInIndex = 0; path = CADemo.app; sourceTree = BUILT_PRODUCTS_DIR; };
		DAC10F6413D7C688001B0D3B /* UIKit.framework */ = {isa = PBXFileReference; lastKnownFileType = wrapper.framework; name = UIKit.framework; path = System/Library/Frameworks/UIKit.framework; sourceTree = SDKROOT; };
		DAC10F6613D7C688001B0D3B /* Foundation.framework */ = {isa = PBXFileReference; lastKnownFileType = wrapper.framework; name = Foundation.framework; path = System/Library/Frameworks/Foundation.framework; sourceTree = SDKROOT; };
		DAC10F6813D7C688001B0D3B /* CoreGraphics.framework */ = {isa = PBXFileReference; lastKnownFileType = wrapper.framework; name = CoreGraphics.framework; path = System/Library/Frameworks/CoreGraphics.framework; sourceTree = SDKROOT; };
		DAC10F6C13D7C688001B0D3B /* CADemo-Info.plist */ = {isa = PBXFileReference; lastKnownFileType = text.plist.xml; path = "CADemo-Info.plist"; sourceTree = "<group>"; };
		DAC10F6E13D7C688001B0D3B /* en */ = {isa = PBXFileReference; lastKnownFileType = text.plist.strings; name = en; path = en.lproj/InfoPlist.strings; sourceTree = "<group>"; };
		DAC10F7013D7C688001B0D3B /* main.m */ = {isa = PBXFileReference; lastKnownFileType = sourcecode.c.objc; path = main.m; sourceTree = "<group>"; };
		DAC10F7213D7C688001B0D3B /* CADemo-Prefix.pch */ = {isa = PBXFileReference; lastKnownFileType = sourcecode.c.h; path = "CADemo-Prefix.pch"; sourceTree = "<group>"; };
		DAC10F7313D7C688001B0D3B /* CADemoAppDelegate.h */ = {isa = PBXFileReference; lastKnownFileType = sourcecode.c.h; path = CADemoAppDelegate.h; sourceTree = "<group>"; };
		DAC10F7413D7C688001B0D3B /* CADemoAppDelegate.m */ = {isa = PBXFileReference; lastKnownFileType = sourcecode.c.objc; path = CADemoAppDelegate.m; sourceTree = "<group>"; };
		DAC10F7713D7C688001B0D3B /* en */ = {isa = PBXFileReference; lastKnownFileType = file.xib; name = en; path = en.lproj/MainWindow.xib; sourceTree = "<group>"; };
		DAC10F8713D7C781001B0D3B /* CardLayoutView.h */ = {isa = PBXFileReference; fileEncoding = 4; lastKnownFileType = sourcecode.c.h; path = CardLayoutView.h; sourceTree = "<group>"; };
		DAC10F8813D7C781001B0D3B /* CardLayoutView.m */ = {isa = PBXFileReference; fileEncoding = 4; lastKnownFileType = sourcecode.c.objc; path = CardLayoutView.m; sourceTree = "<group>"; };
		DAD92AD713DB5CDD00F0309F /* GraphicsUtils.h */ = {isa = PBXFileReference; fileEncoding = 4; lastKnownFileType = sourcecode.c.h; path = GraphicsUtils.h; sourceTree = "<group>"; };
		DAD92AD813DB5CDD00F0309F /* GraphicsUtils.m */ = {isa = PBXFileReference; fileEncoding = 4; lastKnownFileType = sourcecode.c.objc; path = GraphicsUtils.m; sourceTree = "<group>"; };
/* End PBXFileReference section */

/* Begin PBXFrameworksBuildPhase section */
		DAC10F5D13D7C688001B0D3B /* Frameworks */ = {
			isa = PBXFrameworksBuildPhase;
			buildActionMask = 2147483647;
			files = (
				DAC10F6513D7C688001B0D3B /* UIKit.framework in Frameworks */,
				DAC10F6713D7C688001B0D3B /* Foundation.framework in Frameworks */,
				DAC10F6913D7C688001B0D3B /* CoreGraphics.framework in Frameworks */,
				DA9C28BB13D9417800EB187D /* QuartzCore.framework in Frameworks */,
				DA24225D13DE6EA30029471A /* AVFoundation.framework in Frameworks */,
			);
			runOnlyForDeploymentPostprocessing = 0;
		};
/* End PBXFrameworksBuildPhase section */

/* Begin PBXGroup section */
		DA1C673A13DCFC680097B9F2 /* Implicit Animation */ = {
			isa = PBXGroup;
			children = (
				DA89A44B13DBE15D00D4C5DC /* ImplicitAnimationsViewController.h */,
				DA89A44C13DBE15D00D4C5DC /* ImplicitAnimationsViewController.m */,
				DA89A45113DBE2DE00D4C5DC /* ImplicitAnimationsViewController.xib */,
			);
			name = "Implicit Animation";
			sourceTree = "<group>";
		};
		DA1C673B13DCFC7E0097B9F2 /* Sublayer Transform */ = {
			isa = PBXGroup;
			children = (
				DA9C28C613DAA10000EB187D /* SublayerTransformView.h */,
				DA9C28C713DAA10000EB187D /* SublayerTransformView.m */,
			);
			name = "Sublayer Transform";
			sourceTree = "<group>";
		};
		DA1C673C13DCFC930097B9F2 /* Key Path */ = {
			isa = PBXGroup;
			children = (
				DA93E99E13DB8FA900491AA3 /* KeyPathAnimationView.h */,
				DA93E99F13DB8FA900491AA3 /* KeyPathAnimationView.m */,
				DA93E99913DB8DC100491AA3 /* KeyPathAnimationViewController.h */,
				DA93E99A13DB8DC100491AA3 /* KeyPathAnimationViewController.m */,
				DA93E99B13DB8DC100491AA3 /* KeyPathAnimationViewController.xib */,
			);
			name = "Key Path";
			sourceTree = "<group>";
		};
		DA1C673D13DCFF350097B9F2 /* Transition */ = {
			isa = PBXGroup;
			children = (
				DA1C673413DCE61E0097B9F2 /* TransitionViewController.h */,
				DA1C673513DCE61E0097B9F2 /* TransitionViewController.m */,
				DA1C673613DCE61E0097B9F2 /* TransitionViewController.xib */,
				DA1C673E13DCFF880097B9F2 /* TransitionTypeViewController.h */,
				DA1C673F13DCFF880097B9F2 /* TransitionTypeViewController.m */,
				DA1C674113DCFFC00097B9F2 /* TransitionDirectionViewController.h */,
				DA1C674213DCFFC00097B9F2 /* TransitionDirectionViewController.m */,
			);
			name = Transition;
			sourceTree = "<group>";
		};
		DA1C675413DD12D70097B9F2 /* Media */ = {
			isa = PBXGroup;
			children = (
				DA344E9513DE424000E1929F /* Browser.png */,
				DA344E9613DE424000E1929F /* Calculator.png */,
				DA344E9713DE424000E1929F /* Calendar.png */,
				DA344E9813DE424000E1929F /* Chat.png */,
				DA344E9913DE424000E1929F /* Clock.png */,
				DA344E9A13DE424000E1929F /* Graph.png */,
				DA344E9B13DE424000E1929F /* iPod.png */,
				DA344E9C13DE424000E1929F /* Maps.png */,
				DA344E9D13DE424000E1929F /* Notes.png */,
				DA344E9E13DE424000E1929F /* Phone.png */,
				DA344E9F13DE424000E1929F /* Settings.png */,
				DA344EA013DE424000E1929F /* Weather.png */,
				DA1C676313DD25500097B9F2 /* Wheel.png */,
				DA1C675513DD12D70097B9F2 /* glacier.jpg */,
				DA1C675613DD12D70097B9F2 /* moab.jpg */,
				DA1C675713DD12D70097B9F2 /* paris.JPG */,
				DA1C675813DD12D70097B9F2 /* rainbow.jpg */,
				DA1C675913DD12D70097B9F2 /* redrock.jpg */,
				DA1C675A13DD12D70097B9F2 /* rickroll.mp4 */,
				DA1C675B13DD12D70097B9F2 /* sydney.jpg */,
			);
			path = Media;
			sourceTree = "<group>";
		};
		DA24225513DE676D0029471A /* MoviePlayer */ = {
			isa = PBXGroup;
			children = (
				DA24225713DE67950029471A /* MoviePlayerViewController.h */,
				DA24225813DE67950029471A /* MoviePlayerViewController.m */,
				DA24225A13DE6B230029471A /* MoviePlayerViewController.xib */,
			);
			name = MoviePlayer;
			sourceTree = "<group>";
		};
		DA24225E13DE75D20029471A /* Magnifier */ = {
			isa = PBXGroup;
			children = (
				DA24225F13DE7A6B0029471A /* MagnifierViewController.m */,
				DA24226013DE7A6B0029471A /* MagnifierViewController.h */,
				DA24226113DE7A6B0029471A /* MagnifierView.m */,
				DA24226213DE7A6B0029471A /* MagnifierView.h */,
			);
			name = Magnifier;
			sourceTree = "<group>";
		};
		DA344EAE13DE425500E1929F /* Basic Animation */ = {
			isa = PBXGroup;
			children = (
				DA344EAF13DE42A700E1929F /* BasicAnimationsViewController.h */,
				DA344EB013DE42A700E1929F /* BasicAnimationsViewController.m */,
				DA344EB113DE42A700E1929F /* BasicAnimationsViewController.xib */,
			);
			name = "Basic Animation";
			sourceTree = "<group>";
		};
		DA344EB413DE555D00E1929F /* GroupAnimation */ = {
			isa = PBXGroup;
			children = (
				DA344EBA13DE576500E1929F /* GroupAnimationViewController.h */,
				DA344EBB13DE576500E1929F /* GroupAnimationViewController.m */,
				DA344EBC13DE576500E1929F /* GroupAnimationViewController.xib */,
			);
			name = GroupAnimation;
			sourceTree = "<group>";
		};
		DA9C28C513DAA0A200EB187D /* Demo Control */ = {
			isa = PBXGroup;
			children = (
				DA9C28C213DA853400EB187D /* DismissControl.m */,
				DA9C28C313DA853400EB187D /* DismissControl.h */,
				DAC10F8713D7C781001B0D3B /* CardLayoutView.h */,
				DAC10F8813D7C781001B0D3B /* CardLayoutView.m */,
				DAB18E4D13D7E07B0097C9D0 /* CardLayoutViewController.h */,
				DAB18E4E13D7E07B0097C9D0 /* CardLayoutViewController.m */,
				DAB18E4F13D7E07B0097C9D0 /* CardLayoutViewController.xib */,
				DAB18E5313D7E6170097C9D0 /* DemoCardView.h */,
				DAB18E5413D7E6170097C9D0 /* DemoCardView.m */,
			);
			name = "Demo Control";
			sourceTree = "<group>";
		};
		DAC10F5513D7C688001B0D3B = {
			isa = PBXGroup;
			children = (
				DAC10F6A13D7C688001B0D3B /* CADemo */,
				DAC10F6313D7C688001B0D3B /* Frameworks */,
				DAC10F6113D7C688001B0D3B /* Products */,
			);
			sourceTree = "<group>";
		};
		DAC10F6113D7C688001B0D3B /* Products */ = {
			isa = PBXGroup;
			children = (
				DAC10F6013D7C688001B0D3B /* CADemo.app */,
			);
			name = Products;
			sourceTree = "<group>";
		};
		DAC10F6313D7C688001B0D3B /* Frameworks */ = {
			isa = PBXGroup;
			children = (
				DA24225C13DE6EA30029471A /* AVFoundation.framework */,
				DA9C28BA13D9417800EB187D /* QuartzCore.framework */,
				DAC10F6413D7C688001B0D3B /* UIKit.framework */,
				DAC10F6613D7C688001B0D3B /* Foundation.framework */,
				DAC10F6813D7C688001B0D3B /* CoreGraphics.framework */,
			);
			name = Frameworks;
			sourceTree = "<group>";
		};
		DAC10F6A13D7C688001B0D3B /* CADemo */ = {
			isa = PBXGroup;
			children = (
				DA1C675413DD12D70097B9F2 /* Media */,
				DAD92AD513DB5A1000F0309F /* Utils */,
				DA9C28C513DAA0A200EB187D /* Demo Control */,
				DAC10F8613D7C721001B0D3B /* Demo Views */,
				DAC10F7313D7C688001B0D3B /* CADemoAppDelegate.h */,
				DAC10F7413D7C688001B0D3B /* CADemoAppDelegate.m */,
				DAC10F7613D7C688001B0D3B /* MainWindow.xib */,
				DAC10F6B13D7C688001B0D3B /* Supporting Files */,
			);
			path = CADemo;
			sourceTree = "<group>";
		};
		DAC10F6B13D7C688001B0D3B /* Supporting Files */ = {
			isa = PBXGroup;
			children = (
				DAC10F6C13D7C688001B0D3B /* CADemo-Info.plist */,
				DAC10F6D13D7C688001B0D3B /* InfoPlist.strings */,
				DAC10F7013D7C688001B0D3B /* main.m */,
				DAC10F7213D7C688001B0D3B /* CADemo-Prefix.pch */,
			);
			name = "Supporting Files";
			sourceTree = "<group>";
		};
		DAC10F8613D7C721001B0D3B /* Demo Views */ = {
			isa = PBXGroup;
			children = (
				DA24225E13DE75D20029471A /* Magnifier */,
				DA24225513DE676D0029471A /* MoviePlayer */,
				DA344EB413DE555D00E1929F /* GroupAnimation */,
				DA344EAE13DE425500E1929F /* Basic Animation */,
				DA1C673A13DCFC680097B9F2 /* Implicit Animation */,
				DA1C673B13DCFC7E0097B9F2 /* Sublayer Transform */,
				DA1C673C13DCFC930097B9F2 /* Key Path */,
				DA1C673D13DCFF350097B9F2 /* Transition */,
			);
			name = "Demo Views";
			sourceTree = "<group>";
		};
		DAD92AD513DB5A1000F0309F /* Utils */ = {
			isa = PBXGroup;
			children = (
				DAD92AD713DB5CDD00F0309F /* GraphicsUtils.h */,
				DAD92AD813DB5CDD00F0309F /* GraphicsUtils.m */,
			);
			name = Utils;
			sourceTree = "<group>";
		};
/* End PBXGroup section */

/* Begin PBXNativeTarget section */
		DAC10F5F13D7C688001B0D3B /* CADemo */ = {
			isa = PBXNativeTarget;
			buildConfigurationList = DAC10F8113D7C688001B0D3B /* Build configuration list for PBXNativeTarget "CADemo" */;
			buildPhases = (
				DAC10F5C13D7C688001B0D3B /* Sources */,
				DAC10F5D13D7C688001B0D3B /* Frameworks */,
				DAC10F5E13D7C688001B0D3B /* Resources */,
			);
			buildRules = (
			);
			dependencies = (
			);
			name = CADemo;
			productName = CADemo;
			productReference = DAC10F6013D7C688001B0D3B /* CADemo.app */;
			productType = "com.apple.product-type.application";
		};
/* End PBXNativeTarget section */

/* Begin PBXProject section */
		DAC10F5713D7C688001B0D3B /* Project object */ = {
			isa = PBXProject;
			attributes = {
				ORGANIZATIONNAME = "Google, Inc";
			};
			buildConfigurationList = DAC10F5A13D7C688001B0D3B /* Build configuration list for PBXProject "CADemo" */;
			compatibilityVersion = "Xcode 3.2";
			developmentRegion = English;
			hasScannedForEncodings = 0;
			knownRegions = (
				en,
			);
			mainGroup = DAC10F5513D7C688001B0D3B;
			productRefGroup = DAC10F6113D7C688001B0D3B /* Products */;
			projectDirPath = "";
			projectRoot = "";
			targets = (
				DAC10F5F13D7C688001B0D3B /* CADemo */,
			);
		};
/* End PBXProject section */

/* Begin PBXResourcesBuildPhase section */
		DAC10F5E13D7C688001B0D3B /* Resources */ = {
			isa = PBXResourcesBuildPhase;
			buildActionMask = 2147483647;
			files = (
				DAC10F6F13D7C688001B0D3B /* InfoPlist.strings in Resources */,
				DAC10F7813D7C688001B0D3B /* MainWindow.xib in Resources */,
				DAB18E5113D7E07C0097C9D0 /* CardLayoutViewController.xib in Resources */,
				DA93E99D13DB8DC100491AA3 /* KeyPathAnimationViewController.xib in Resources */,
				DA89A45213DBE2DE00D4C5DC /* ImplicitAnimationsViewController.xib in Resources */,
				DA1C673813DCE61E0097B9F2 /* TransitionViewController.xib in Resources */,
				DA1C675C13DD12D70097B9F2 /* glacier.jpg in Resources */,
				DA1C675D13DD12D70097B9F2 /* moab.jpg in Resources */,
				DA1C675E13DD12D70097B9F2 /* paris.JPG in Resources */,
				DA1C675F13DD12D70097B9F2 /* rainbow.jpg in Resources */,
				DA1C676013DD12D70097B9F2 /* redrock.jpg in Resources */,
				DA1C676113DD12D70097B9F2 /* rickroll.mp4 in Resources */,
				DA1C676213DD12D70097B9F2 /* sydney.jpg in Resources */,
				DA1C676413DD25500097B9F2 /* Wheel.png in Resources */,
				DA344EA113DE424000E1929F /* Browser.png in Resources */,
				DA344EA213DE424000E1929F /* Calculator.png in Resources */,
				DA344EA313DE424000E1929F /* Calendar.png in Resources */,
				DA344EA413DE424000E1929F /* Chat.png in Resources */,
				DA344EA513DE424000E1929F /* Clock.png in Resources */,
				DA344EA613DE424000E1929F /* Graph.png in Resources */,
				DA344EA713DE424000E1929F /* iPod.png in Resources */,
				DA344EA813DE424000E1929F /* Maps.png in Resources */,
				DA344EA913DE424000E1929F /* Notes.png in Resources */,
				DA344EAA13DE424000E1929F /* Phone.png in Resources */,
				DA344EAB13DE424000E1929F /* Settings.png in Resources */,
				DA344EAC13DE424000E1929F /* Weather.png in Resources */,
				DA344EB313DE42A700E1929F /* BasicAnimationsViewController.xib in Resources */,
				DA344EBE13DE576500E1929F /* GroupAnimationViewController.xib in Resources */,
				DA24225B13DE6B230029471A /* MoviePlayerViewController.xib in Resources */,
			);
			runOnlyForDeploymentPostprocessing = 0;
		};
/* End PBXResourcesBuildPhase section */

/* Begin PBXSourcesBuildPhase section */
		DAC10F5C13D7C688001B0D3B /* Sources */ = {
			isa = PBXSourcesBuildPhase;
			buildActionMask = 2147483647;
			files = (
				DAC10F7113D7C688001B0D3B /* main.m in Sources */,
				DAC10F7513D7C688001B0D3B /* CADemoAppDelegate.m in Sources */,
				DAC10F8913D7C781001B0D3B /* CardLayoutView.m in Sources */,
				DAB18E5013D7E07C0097C9D0 /* CardLayoutViewController.m in Sources */,
				DAB18E5513D7E6170097C9D0 /* DemoCardView.m in Sources */,
				DA9C28C413DA853500EB187D /* DismissControl.m in Sources */,
				DA9C28C813DAA10000EB187D /* SublayerTransformView.m in Sources */,
				DAD92AD913DB5CDD00F0309F /* GraphicsUtils.m in Sources */,
				DA93E99C13DB8DC100491AA3 /* KeyPathAnimationViewController.m in Sources */,
				DA93E9A013DB8FA900491AA3 /* KeyPathAnimationView.m in Sources */,
				DA89A44D13DBE15D00D4C5DC /* ImplicitAnimationsViewController.m in Sources */,
				DA1C673713DCE61E0097B9F2 /* TransitionViewController.m in Sources */,
				DA1C674013DCFF880097B9F2 /* TransitionTypeViewController.m in Sources */,
				DA1C674313DCFFC00097B9F2 /* TransitionDirectionViewController.m in Sources */,
				DA344EB213DE42A700E1929F /* BasicAnimationsViewController.m in Sources */,
				DA344EBD13DE576500E1929F /* GroupAnimationViewController.m in Sources */,
				DA24225913DE67950029471A /* MoviePlayerViewController.m in Sources */,
				DA24226313DE7A6B0029471A /* MagnifierViewController.m in Sources */,
				DA24226413DE7A6B0029471A /* MagnifierView.m in Sources */,
			);
			runOnlyForDeploymentPostprocessing = 0;
		};
/* End PBXSourcesBuildPhase section */

/* Begin PBXVariantGroup section */
		DAC10F6D13D7C688001B0D3B /* InfoPlist.strings */ = {
			isa = PBXVariantGroup;
			children = (
				DAC10F6E13D7C688001B0D3B /* en */,
			);
			name = InfoPlist.strings;
			sourceTree = "<group>";
		};
		DAC10F7613D7C688001B0D3B /* MainWindow.xib */ = {
			isa = PBXVariantGroup;
			children = (
				DAC10F7713D7C688001B0D3B /* en */,
			);
			name = MainWindow.xib;
			sourceTree = "<group>";
		};
/* End PBXVariantGroup section */

/* Begin XCBuildConfiguration section */
		DAC10F7F13D7C688001B0D3B /* Debug */ = {
			isa = XCBuildConfiguration;
			buildSettings = {
				ALWAYS_SEARCH_USER_PATHS = NO;
				ARCHS = "$(ARCHS_STANDARD_32_BIT)";
				"CODE_SIGN_IDENTITY[sdk=iphoneos*]" = "iPhone Developer";
				COPY_PHASE_STRIP = NO;
				GCC_C_LANGUAGE_STANDARD = gnu99;
				GCC_DYNAMIC_NO_PIC = NO;
				GCC_OPTIMIZATION_LEVEL = 0;
				GCC_PREPROCESSOR_DEFINITIONS = (
					"DEBUG=1",
					"$(inherited)",
				);
				GCC_SYMBOLS_PRIVATE_EXTERN = NO;
				GCC_VERSION = com.apple.compilers.llvm.clang.1_0;
				GCC_WARN_ABOUT_MISSING_PROTOTYPES = YES;
				GCC_WARN_ABOUT_RETURN_TYPE = YES;
				GCC_WARN_UNUSED_VARIABLE = YES;
				IPHONEOS_DEPLOYMENT_TARGET = 4.3;
				SDKROOT = iphoneos;
			};
			name = Debug;
		};
		DAC10F8013D7C688001B0D3B /* Release */ = {
			isa = XCBuildConfiguration;
			buildSettings = {
				ALWAYS_SEARCH_USER_PATHS = NO;
				ARCHS = "$(ARCHS_STANDARD_32_BIT)";
				"CODE_SIGN_IDENTITY[sdk=iphoneos*]" = "iPhone Developer";
				COPY_PHASE_STRIP = YES;
				GCC_C_LANGUAGE_STANDARD = gnu99;
				GCC_VERSION = com.apple.compilers.llvm.clang.1_0;
				GCC_WARN_ABOUT_MISSING_PROTOTYPES = YES;
				GCC_WARN_ABOUT_RETURN_TYPE = YES;
				GCC_WARN_UNUSED_VARIABLE = YES;
				IPHONEOS_DEPLOYMENT_TARGET = 4.3;
				OTHER_CFLAGS = "-DNS_BLOCK_ASSERTIONS=1";
				SDKROOT = iphoneos;
				VALIDATE_PRODUCT = YES;
			};
			name = Release;
		};
		DAC10F8213D7C688001B0D3B /* Debug */ = {
			isa = XCBuildConfiguration;
			buildSettings = {
				GCC_PRECOMPILE_PREFIX_HEADER = YES;
				GCC_PREFIX_HEADER = "CADemo/CADemo-Prefix.pch";
				INFOPLIST_FILE = "CADemo/CADemo-Info.plist";
				IPHONEOS_DEPLOYMENT_TARGET = 4.3;
				PRODUCT_NAME = "$(TARGET_NAME)";
				TARGETED_DEVICE_FAMILY = 2;
				WRAPPER_EXTENSION = app;
			};
			name = Debug;
		};
		DAC10F8313D7C688001B0D3B /* Release */ = {
			isa = XCBuildConfiguration;
			buildSettings = {
				GCC_PRECOMPILE_PREFIX_HEADER = YES;
				GCC_PREFIX_HEADER = "CADemo/CADemo-Prefix.pch";
				INFOPLIST_FILE = "CADemo/CADemo-Info.plist";
				IPHONEOS_DEPLOYMENT_TARGET = 4.3;
				PRODUCT_NAME = "$(TARGET_NAME)";
				TARGETED_DEVICE_FAMILY = 2;
				WRAPPER_EXTENSION = app;
			};
			name = Release;
		};
/* End XCBuildConfiguration section */

/* Begin XCConfigurationList section */
		DAC10F5A13D7C688001B0D3B /* Build configuration list for PBXProject "CADemo" */ = {
			isa = XCConfigurationList;
			buildConfigurations = (
				DAC10F7F13D7C688001B0D3B /* Debug */,
				DAC10F8013D7C688001B0D3B /* Release */,
			);
			defaultConfigurationIsVisible = 0;
			defaultConfigurationName = Release;
		};
		DAC10F8113D7C688001B0D3B /* Build configuration list for PBXNativeTarget "CADemo" */ = {
			isa = XCConfigurationList;
			buildConfigurations = (
				DAC10F8213D7C688001B0D3B /* Debug */,
				DAC10F8313D7C688001B0D3B /* Release */,
			);
			defaultConfigurationIsVisible = 0;
			defaultConfigurationName = Release;
		};
/* End XCConfigurationList section */
	};
	rootObject = DAC10F5713D7C688001B0D3B /* Project object */;
}
